
Microsoft Visual Studio Solution File, Format Version 12.00
# Visual Studio Version 16
VisualStudioVersion = 16.0.29613.14
MinimumVisualStudioVersion = 10.0.40219.1
Project("{FAE04EC0-301F-11D3-BF4B-00C04F79EFBC}") = "AsyncEF", "AsyncEF\AsyncEF.csproj", "{920720EB-31B5-4737-BAC9-640AE5640E39}"
EndProject
Global
	GlobalSection(SolutionConfigurationPlatforms) = preSolution
		Debug|Any CPU = Debug|Any CPU
		Release|Any CPU = Release|Any CPU
	EndGlobalSection
	GlobalSection(ProjectConfigurationPlatforms) = postSolution
		{920720EB-31B5-4737-BAC9-640AE5640E39}.Debug|Any CPU.ActiveCfg = Debug|Any CPU
		{920720EB-31B5-4737-BAC9-640AE5640E39}.Debug|Any CPU.Build.0 = Debug|Any CPU
		{920720EB-31B5-4737-BAC9-640AE5640E39}.Release|Any CPU.ActiveCfg = Release|Any CPU
		{920720EB-31B5-4737-BAC9-640AE5640E39}.Release|Any CPU.Build.0 = Release|Any CPU
	EndGlobalSection
	GlobalSection(SolutionProperties) = preSolution
		HideSolutionNode = FALSE
	EndGlobalSection
	GlobalSection(ExtensibilityGlobals) = postSolution
		SolutionGuid = {7BF2012E-9E60-4825-BBE9-A404F735F3A6}
	EndGlobalSection
EndGlobal
